
Microsoft Visual Studio Solution File, Format Version 12.00
# Visual Studio Version 17
VisualStudioVersion = 17.11.35312.102
MinimumVisualStudioVersion = 10.0.40219.1
Project("{8BC9CEB8-8B4A-11D0-8D11-00A0C91BC942}") = "000_StringCount", "000_StringCount\000_StringCount.vcxproj", "{28CF4E23-7E81-4906-8FCF-90E7273D1D7C}"
EndProject
Project("{8BC9CEB8-8B4A-11D0-8D11-00A0C91BC942}") = "001_NumberCount", "001_NumberCount\001_NumberCount.vcxproj", "{01A34735-7AFB-4762-B9DB-F1403CE534A5}"
EndProject
Project("{8BC9CEB8-8B4A-11D0-8D11-00A0C91BC942}") = "002_MyPrintf", "002_MyPrintf\002_MyPrintf.vcxproj", "{A94E1CE6-CCB8-418C-AF77-158F11B2B637}"
EndProject
Project("{8BC9CEB8-8B4A-11D0-8D11-00A0C91BC942}") = "003_PlusString", "003_PlusString\003_PlusString.vcxproj", "{0470C33F-CD6E-46A6-AD46-2EF11FFEEDFF}"
EndProject
Project("{2150E333-8FDC-42A3-9474-1A3956D46DE8}") = "Task", "Task", "{88850AB1-D31A-4869-912B-1C1C33391A5C}"
EndProject
Project("{2150E333-8FDC-42A3-9474-1A3956D46DE8}") = "Game", "Game", "{0446BDB6-C53A-4318-8F8D-B652EA7DEFD5}"
EndProject
Project("{8BC9CEB8-8B4A-11D0-8D11-00A0C91BC942}") = "TextRPG000", "TextRPG000\TextRPG000.vcxproj", "{BD68DB0C-1D64-456E-A493-727BDB04FAE4}"
EndProject
Project("{8BC9CEB8-8B4A-11D0-8D11-00A0C91BC942}") = "Study_MyPrintf_000", "Study_MyPrintf_000\Study_MyPrintf_000.vcxproj", "{1B3B91AC-64D2-41F0-B6A0-6967B473FE37}"
EndProject
Project("{8BC9CEB8-8B4A-11D0-8D11-00A0C91BC942}") = "Study_MyPrintf_001", "Study_MyPrintf_001\Study_MyPrintf_001.vcxproj", "{B7712D13-E69D-4DBB-BEFA-D35FDFE8223D}"
EndProject
Project("{8BC9CEB8-8B4A-11D0-8D11-00A0C91BC942}") = "Study_Pointer_000", "Study_Pointer_000\Study_Pointer_000.vcxproj", "{4628E316-007D-408A-A497-8CBBA15DE3B0}"
EndProject
Project("{8BC9CEB8-8B4A-11D0-8D11-00A0C91BC942}") = "TextRPG001Object", "TextRPG001Object\TextRPG001Object.vcxproj", "{21D93154-C0B8-4486-844B-27BFC3470775}"
EndProject
Project("{8BC9CEB8-8B4A-11D0-8D11-00A0C91BC942}") = "TextRPG002inheritance", "TextRPG002inheritance\TextRPG002inheritance.vcxproj", "{C3E0D40E-4933-4243-A6D7-1D9F7EDEB4D8}"
EndProject
Project("{8BC9CEB8-8B4A-11D0-8D11-00A0C91BC942}") = "004_ClassSize", "004_ClassSize\004_ClassSize.vcxproj", "{D671260D-82BD-436B-9662-32F65140DAB3}"
EndProject
Project("{2150E333-8FDC-42A3-9474-1A3956D46DE8}") = "001_First_Organization", "001_First_Organization", "{449D38D9-3597-43F4-888E-BE3451BB4C12}"
EndProject
Project("{8BC9CEB8-8B4A-11D0-8D11-00A0C91BC942}") = "TextRPG003ClassFile", "TextRPG003ClassFile\TextRPG003ClassFile2.vcxproj", "{D404904B-2829-42EB-9573-925314593C98}"
EndProject
Project("{8BC9CEB8-8B4A-11D0-8D11-00A0C91BC942}") = "0_Hello_World", "0_Hello_World\0_Hello_World.vcxproj", "{241B92D0-247C-4E76-801F-CCEC4D6463FE}"
EndProject
Project("{2150E333-8FDC-42A3-9474-1A3956D46DE8}") = "Framework", "Framework", "{15EE8905-7F1F-46C3-B411-506173FD3CA7}"
EndProject
Project("{8BC9CEB8-8B4A-11D0-8D11-00A0C91BC942}") = "StringTest", "StringTest\StringTest.vcxproj", "{FC2705DE-E082-4BE8-867C-784D6B6F14F2}"
EndProject
Project("{8BC9CEB8-8B4A-11D0-8D11-00A0C91BC942}") = "TextRpgLast", "TextRpgLast\TextRpgLast.vcxproj", "{3A47F157-5598-4752-AAF0-E71C433B3CC3}"
EndProject
Project("{8BC9CEB8-8B4A-11D0-8D11-00A0C91BC942}") = "070_NewTest", "070_NewTest\070_NewTest.vcxproj", "{F0E9D3A1-AA66-4407-B859-C5C9DD0FA289}"
EndProject
Project("{8BC9CEB8-8B4A-11D0-8D11-00A0C91BC942}") = "ConsoleGame", "ConsoleGame\ConsoleGame.vcxproj", "{5ADA1572-7E0C-47E5-B69A-78383E731FFC}"
EndProject
Project("{8BC9CEB8-8B4A-11D0-8D11-00A0C91BC942}") = "074_VirtualInstanceEx", "074_VirtualInstanceEx\074_VirtualInstanceEx.vcxproj", "{209A7369-F8E0-45B7-81D6-81C7BF10ED24}"
EndProject
Project("{2150E333-8FDC-42A3-9474-1A3956D46DE8}") = "DataStruct", "DataStruct", "{A3D02BA7-2298-4B0C-B7E9-B5E560E03DA2}"
EndProject
Project("{8BC9CEB8-8B4A-11D0-8D11-00A0C91BC942}") = "Vector", "Vector\Vector.vcxproj", "{9254AD6F-8538-496B-A027-56166CC36233}"
EndProject
Project("{2150E333-8FDC-42A3-9474-1A3956D46DE8}") = "Tetris", "Tetris", "{0E49B20B-BED6-4C28-9C5E-750FED919A54}"
EndProject
Project("{8BC9CEB8-8B4A-11D0-8D11-00A0C91BC942}") = "TetrisContents", "TetrisContents\TetrisContents.vcxproj", "{6930F115-4DEE-4C34-9B4F-F9F4C256EC93}"
EndProject
Project("{8BC9CEB8-8B4A-11D0-8D11-00A0C91BC942}") = "App", "App\App.vcxproj", "{47925D01-85FE-494B-8236-E466FCC15388}"
EndProject
Project("{8BC9CEB8-8B4A-11D0-8D11-00A0C91BC942}") = "EngineBase", "EngineBase\EngineBase.vcxproj", "{0B6BB212-DDA1-4092-A96C-DAE79A511C24}"
EndProject
Project("{8BC9CEB8-8B4A-11D0-8D11-00A0C91BC942}") = "EngineCore", "EngineCore\EngineCore.vcxproj", "{5B7DF8B3-AE15-4255-A5FD-EF1348F86B55}"
EndProject
Project("{8BC9CEB8-8B4A-11D0-8D11-00A0C91BC942}") = "List", "List\List.vcxproj", "{C8807FB6-5FC9-4176-9C64-C7B53DD3D9E1}"
EndProject
Project("{8BC9CEB8-8B4A-11D0-8D11-00A0C91BC942}") = "Map", "Map\Map.vcxproj", "{7810C45B-5D5A-46BF-A990-E0192D6D1192}"
EndProject
Project("{8BC9CEB8-8B4A-11D0-8D11-00A0C91BC942}") = "TEST_APP", "TEST_APP\TEST_APP.vcxproj", "{6721481F-C059-45AC-B270-A946918B64BB}"
EndProject
Global
	GlobalSection(SolutionConfigurationPlatforms) = preSolution
		Debug|x64 = Debug|x64
		Debug|x86 = Debug|x86
		Release|x64 = Release|x64
		Release|x86 = Release|x86
	EndGlobalSection
	GlobalSection(ProjectConfigurationPlatforms) = postSolution
		{28CF4E23-7E81-4906-8FCF-90E7273D1D7C}.Debug|x64.ActiveCfg = Debug|x64
		{28CF4E23-7E81-4906-8FCF-90E7273D1D7C}.Debug|x64.Build.0 = Debug|x64
		{28CF4E23-7E81-4906-8FCF-90E7273D1D7C}.Debug|x86.ActiveCfg = Debug|Win32
		{28CF4E23-7E81-4906-8FCF-90E7273D1D7C}.Debug|x86.Build.0 = Debug|Win32
		{28CF4E23-7E81-4906-8FCF-90E7273D1D7C}.Release|x64.ActiveCfg = Release|x64
		{28CF4E23-7E81-4906-8FCF-90E7273D1D7C}.Release|x64.Build.0 = Release|x64
		{28CF4E23-7E81-4906-8FCF-90E7273D1D7C}.Release|x86.ActiveCfg = Release|Win32
		{28CF4E23-7E81-4906-8FCF-90E7273D1D7C}.Release|x86.Build.0 = Release|Win32
		{01A34735-7AFB-4762-B9DB-F1403CE534A5}.Debug|x64.ActiveCfg = Debug|x64
		{01A34735-7AFB-4762-B9DB-F1403CE534A5}.Debug|x64.Build.0 = Debug|x64
		{01A34735-7AFB-4762-B9DB-F1403CE534A5}.Debug|x86.ActiveCfg = Debug|Win32
		{01A34735-7AFB-4762-B9DB-F1403CE534A5}.Debug|x86.Build.0 = Debug|Win32
		{01A34735-7AFB-4762-B9DB-F1403CE534A5}.Release|x64.ActiveCfg = Release|x64
		{01A34735-7AFB-4762-B9DB-F1403CE534A5}.Release|x64.Build.0 = Release|x64
		{01A34735-7AFB-4762-B9DB-F1403CE534A5}.Release|x86.ActiveCfg = Release|Win32
		{01A34735-7AFB-4762-B9DB-F1403CE534A5}.Release|x86.Build.0 = Release|Win32
		{A94E1CE6-CCB8-418C-AF77-158F11B2B637}.Debug|x64.ActiveCfg = Debug|x64
		{A94E1CE6-CCB8-418C-AF77-158F11B2B637}.Debug|x64.Build.0 = Debug|x64
		{A94E1CE6-CCB8-418C-AF77-158F11B2B637}.Debug|x86.ActiveCfg = Debug|Win32
		{A94E1CE6-CCB8-418C-AF77-158F11B2B637}.Debug|x86.Build.0 = Debug|Win32
		{A94E1CE6-CCB8-418C-AF77-158F11B2B637}.Release|x64.ActiveCfg = Release|x64
		{A94E1CE6-CCB8-418C-AF77-158F11B2B637}.Release|x64.Build.0 = Release|x64
		{A94E1CE6-CCB8-418C-AF77-158F11B2B637}.Release|x86.ActiveCfg = Release|Win32
		{A94E1CE6-CCB8-418C-AF77-158F11B2B637}.Release|x86.Build.0 = Release|Win32
		{0470C33F-CD6E-46A6-AD46-2EF11FFEEDFF}.Debug|x64.ActiveCfg = Debug|x64
		{0470C33F-CD6E-46A6-AD46-2EF11FFEEDFF}.Debug|x64.Build.0 = Debug|x64
		{0470C33F-CD6E-46A6-AD46-2EF11FFEEDFF}.Debug|x86.ActiveCfg = Debug|Win32
		{0470C33F-CD6E-46A6-AD46-2EF11FFEEDFF}.Debug|x86.Build.0 = Debug|Win32
		{0470C33F-CD6E-46A6-AD46-2EF11FFEEDFF}.Release|x64.ActiveCfg = Release|x64
		{0470C33F-CD6E-46A6-AD46-2EF11FFEEDFF}.Release|x64.Build.0 = Release|x64
		{0470C33F-CD6E-46A6-AD46-2EF11FFEEDFF}.Release|x86.ActiveCfg = Release|Win32
		{0470C33F-CD6E-46A6-AD46-2EF11FFEEDFF}.Release|x86.Build.0 = Release|Win32
		{BD68DB0C-1D64-456E-A493-727BDB04FAE4}.Debug|x64.ActiveCfg = Debug|x64
		{BD68DB0C-1D64-456E-A493-727BDB04FAE4}.Debug|x64.Build.0 = Debug|x64
		{BD68DB0C-1D64-456E-A493-727BDB04FAE4}.Debug|x86.ActiveCfg = Debug|Win32
		{BD68DB0C-1D64-456E-A493-727BDB04FAE4}.Debug|x86.Build.0 = Debug|Win32
		{BD68DB0C-1D64-456E-A493-727BDB04FAE4}.Release|x64.ActiveCfg = Release|x64
		{BD68DB0C-1D64-456E-A493-727BDB04FAE4}.Release|x64.Build.0 = Release|x64
		{BD68DB0C-1D64-456E-A493-727BDB04FAE4}.Release|x86.ActiveCfg = Release|Win32
		{BD68DB0C-1D64-456E-A493-727BDB04FAE4}.Release|x86.Build.0 = Release|Win32
		{1B3B91AC-64D2-41F0-B6A0-6967B473FE37}.Debug|x64.ActiveCfg = Debug|x64
		{1B3B91AC-64D2-41F0-B6A0-6967B473FE37}.Debug|x64.Build.0 = Debug|x64
		{1B3B91AC-64D2-41F0-B6A0-6967B473FE37}.Debug|x86.ActiveCfg = Debug|Win32
		{1B3B91AC-64D2-41F0-B6A0-6967B473FE37}.Debug|x86.Build.0 = Debug|Win32
		{1B3B91AC-64D2-41F0-B6A0-6967B473FE37}.Release|x64.ActiveCfg = Release|x64
		{1B3B91AC-64D2-41F0-B6A0-6967B473FE37}.Release|x64.Build.0 = Release|x64
		{1B3B91AC-64D2-41F0-B6A0-6967B473FE37}.Release|x86.ActiveCfg = Release|Win32
		{1B3B91AC-64D2-41F0-B6A0-6967B473FE37}.Release|x86.Build.0 = Release|Win32
		{B7712D13-E69D-4DBB-BEFA-D35FDFE8223D}.Debug|x64.ActiveCfg = Debug|x64
		{B7712D13-E69D-4DBB-BEFA-D35FDFE8223D}.Debug|x64.Build.0 = Debug|x64
		{B7712D13-E69D-4DBB-BEFA-D35FDFE8223D}.Debug|x86.ActiveCfg = Debug|Win32
		{B7712D13-E69D-4DBB-BEFA-D35FDFE8223D}.Debug|x86.Build.0 = Debug|Win32
		{B7712D13-E69D-4DBB-BEFA-D35FDFE8223D}.Release|x64.ActiveCfg = Release|x64
		{B7712D13-E69D-4DBB-BEFA-D35FDFE8223D}.Release|x64.Build.0 = Release|x64
		{B7712D13-E69D-4DBB-BEFA-D35FDFE8223D}.Release|x86.ActiveCfg = Release|Win32
		{B7712D13-E69D-4DBB-BEFA-D35FDFE8223D}.Release|x86.Build.0 = Release|Win32
		{4628E316-007D-408A-A497-8CBBA15DE3B0}.Debug|x64.ActiveCfg = Debug|x64
		{4628E316-007D-408A-A497-8CBBA15DE3B0}.Debug|x64.Build.0 = Debug|x64
		{4628E316-007D-408A-A497-8CBBA15DE3B0}.Debug|x86.ActiveCfg = Debug|Win32
		{4628E316-007D-408A-A497-8CBBA15DE3B0}.Debug|x86.Build.0 = Debug|Win32
		{4628E316-007D-408A-A497-8CBBA15DE3B0}.Release|x64.ActiveCfg = Release|x64
		{4628E316-007D-408A-A497-8CBBA15DE3B0}.Release|x64.Build.0 = Release|x64
		{4628E316-007D-408A-A497-8CBBA15DE3B0}.Release|x86.ActiveCfg = Release|Win32
		{4628E316-007D-408A-A497-8CBBA15DE3B0}.Release|x86.Build.0 = Release|Win32
		{21D93154-C0B8-4486-844B-27BFC3470775}.Debug|x64.ActiveCfg = Debug|x64
		{21D93154-C0B8-4486-844B-27BFC3470775}.Debug|x64.Build.0 = Debug|x64
		{21D93154-C0B8-4486-844B-27BFC3470775}.Debug|x86.ActiveCfg = Debug|Win32
		{21D93154-C0B8-4486-844B-27BFC3470775}.Debug|x86.Build.0 = Debug|Win32
		{21D93154-C0B8-4486-844B-27BFC3470775}.Release|x64.ActiveCfg = Release|x64
		{21D93154-C0B8-4486-844B-27BFC3470775}.Release|x64.Build.0 = Release|x64
		{21D93154-C0B8-4486-844B-27BFC3470775}.Release|x86.ActiveCfg = Release|Win32
		{21D93154-C0B8-4486-844B-27BFC3470775}.Release|x86.Build.0 = Release|Win32
		{C3E0D40E-4933-4243-A6D7-1D9F7EDEB4D8}.Debug|x64.ActiveCfg = Debug|x64
		{C3E0D40E-4933-4243-A6D7-1D9F7EDEB4D8}.Debug|x64.Build.0 = Debug|x64
		{C3E0D40E-4933-4243-A6D7-1D9F7EDEB4D8}.Debug|x86.ActiveCfg = Debug|Win32
		{C3E0D40E-4933-4243-A6D7-1D9F7EDEB4D8}.Debug|x86.Build.0 = Debug|Win32
		{C3E0D40E-4933-4243-A6D7-1D9F7EDEB4D8}.Release|x64.ActiveCfg = Release|x64
		{C3E0D40E-4933-4243-A6D7-1D9F7EDEB4D8}.Release|x64.Build.0 = Release|x64
		{C3E0D40E-4933-4243-A6D7-1D9F7EDEB4D8}.Release|x86.ActiveCfg = Release|Win32
		{C3E0D40E-4933-4243-A6D7-1D9F7EDEB4D8}.Release|x86.Build.0 = Release|Win32
		{D671260D-82BD-436B-9662-32F65140DAB3}.Debug|x64.ActiveCfg = Debug|x64
		{D671260D-82BD-436B-9662-32F65140DAB3}.Debug|x64.Build.0 = Debug|x64
		{D671260D-82BD-436B-9662-32F65140DAB3}.Debug|x86.ActiveCfg = Debug|Win32
		{D671260D-82BD-436B-9662-32F65140DAB3}.Debug|x86.Build.0 = Debug|Win32
		{D671260D-82BD-436B-9662-32F65140DAB3}.Release|x64.ActiveCfg = Release|x64
		{D671260D-82BD-436B-9662-32F65140DAB3}.Release|x64.Build.0 = Release|x64
		{D671260D-82BD-436B-9662-32F65140DAB3}.Release|x86.ActiveCfg = Release|Win32
		{D671260D-82BD-436B-9662-32F65140DAB3}.Release|x86.Build.0 = Release|Win32
		{D404904B-2829-42EB-9573-925314593C98}.Debug|x64.ActiveCfg = Debug|x64
		{D404904B-2829-42EB-9573-925314593C98}.Debug|x64.Build.0 = Debug|x64
		{D404904B-2829-42EB-9573-925314593C98}.Debug|x86.ActiveCfg = Debug|Win32
		{D404904B-2829-42EB-9573-925314593C98}.Debug|x86.Build.0 = Debug|Win32
		{D404904B-2829-42EB-9573-925314593C98}.Release|x64.ActiveCfg = Release|x64
		{D404904B-2829-42EB-9573-925314593C98}.Release|x64.Build.0 = Release|x64
		{D404904B-2829-42EB-9573-925314593C98}.Release|x86.ActiveCfg = Release|Win32
		{D404904B-2829-42EB-9573-925314593C98}.Release|x86.Build.0 = Release|Win32
		{241B92D0-247C-4E76-801F-CCEC4D6463FE}.Debug|x64.ActiveCfg = Debug|x64
		{241B92D0-247C-4E76-801F-CCEC4D6463FE}.Debug|x64.Build.0 = Debug|x64
		{241B92D0-247C-4E76-801F-CCEC4D6463FE}.Debug|x86.ActiveCfg = Debug|Win32
		{241B92D0-247C-4E76-801F-CCEC4D6463FE}.Debug|x86.Build.0 = Debug|Win32
		{241B92D0-247C-4E76-801F-CCEC4D6463FE}.Release|x64.ActiveCfg = Release|x64
		{241B92D0-247C-4E76-801F-CCEC4D6463FE}.Release|x64.Build.0 = Release|x64
		{241B92D0-247C-4E76-801F-CCEC4D6463FE}.Release|x86.ActiveCfg = Release|Win32
		{241B92D0-247C-4E76-801F-CCEC4D6463FE}.Release|x86.Build.0 = Release|Win32
		{FC2705DE-E082-4BE8-867C-784D6B6F14F2}.Debug|x64.ActiveCfg = Debug|x64
		{FC2705DE-E082-4BE8-867C-784D6B6F14F2}.Debug|x64.Build.0 = Debug|x64
		{FC2705DE-E082-4BE8-867C-784D6B6F14F2}.Debug|x86.ActiveCfg = Debug|Win32
		{FC2705DE-E082-4BE8-867C-784D6B6F14F2}.Debug|x86.Build.0 = Debug|Win32
		{FC2705DE-E082-4BE8-867C-784D6B6F14F2}.Release|x64.ActiveCfg = Release|x64
		{FC2705DE-E082-4BE8-867C-784D6B6F14F2}.Release|x64.Build.0 = Release|x64
		{FC2705DE-E082-4BE8-867C-784D6B6F14F2}.Release|x86.ActiveCfg = Release|Win32
		{FC2705DE-E082-4BE8-867C-784D6B6F14F2}.Release|x86.Build.0 = Release|Win32
		{3A47F157-5598-4752-AAF0-E71C433B3CC3}.Debug|x64.ActiveCfg = Debug|x64
		{3A47F157-5598-4752-AAF0-E71C433B3CC3}.Debug|x64.Build.0 = Debug|x64
		{3A47F157-5598-4752-AAF0-E71C433B3CC3}.Debug|x86.ActiveCfg = Debug|Win32
		{3A47F157-5598-4752-AAF0-E71C433B3CC3}.Debug|x86.Build.0 = Debug|Win32
		{3A47F157-5598-4752-AAF0-E71C433B3CC3}.Release|x64.ActiveCfg = Release|x64
		{3A47F157-5598-4752-AAF0-E71C433B3CC3}.Release|x64.Build.0 = Release|x64
		{3A47F157-5598-4752-AAF0-E71C433B3CC3}.Release|x86.ActiveCfg = Release|Win32
		{3A47F157-5598-4752-AAF0-E71C433B3CC3}.Release|x86.Build.0 = Release|Win32
		{F0E9D3A1-AA66-4407-B859-C5C9DD0FA289}.Debug|x64.ActiveCfg = Debug|x64
		{F0E9D3A1-AA66-4407-B859-C5C9DD0FA289}.Debug|x64.Build.0 = Debug|x64
		{F0E9D3A1-AA66-4407-B859-C5C9DD0FA289}.Debug|x86.ActiveCfg = Debug|Win32
		{F0E9D3A1-AA66-4407-B859-C5C9DD0FA289}.Debug|x86.Build.0 = Debug|Win32
		{F0E9D3A1-AA66-4407-B859-C5C9DD0FA289}.Release|x64.ActiveCfg = Release|x64
		{F0E9D3A1-AA66-4407-B859-C5C9DD0FA289}.Release|x64.Build.0 = Release|x64
		{F0E9D3A1-AA66-4407-B859-C5C9DD0FA289}.Release|x86.ActiveCfg = Release|Win32
		{F0E9D3A1-AA66-4407-B859-C5C9DD0FA289}.Release|x86.Build.0 = Release|Win32
		{5ADA1572-7E0C-47E5-B69A-78383E731FFC}.Debug|x64.ActiveCfg = Debug|x64
		{5ADA1572-7E0C-47E5-B69A-78383E731FFC}.Debug|x64.Build.0 = Debug|x64
		{5ADA1572-7E0C-47E5-B69A-78383E731FFC}.Debug|x86.ActiveCfg = Debug|Win32
		{5ADA1572-7E0C-47E5-B69A-78383E731FFC}.Debug|x86.Build.0 = Debug|Win32
		{5ADA1572-7E0C-47E5-B69A-78383E731FFC}.Release|x64.ActiveCfg = Release|x64
		{5ADA1572-7E0C-47E5-B69A-78383E731FFC}.Release|x64.Build.0 = Release|x64
		{5ADA1572-7E0C-47E5-B69A-78383E731FFC}.Release|x86.ActiveCfg = Release|Win32
		{5ADA1572-7E0C-47E5-B69A-78383E731FFC}.Release|x86.Build.0 = Release|Win32
		{209A7369-F8E0-45B7-81D6-81C7BF10ED24}.Debug|x64.ActiveCfg = Debug|x64
		{209A7369-F8E0-45B7-81D6-81C7BF10ED24}.Debug|x64.Build.0 = Debug|x64
		{209A7369-F8E0-45B7-81D6-81C7BF10ED24}.Debug|x86.ActiveCfg = Debug|Win32
		{209A7369-F8E0-45B7-81D6-81C7BF10ED24}.Debug|x86.Build.0 = Debug|Win32
		{209A7369-F8E0-45B7-81D6-81C7BF10ED24}.Release|x64.ActiveCfg = Release|x64
		{209A7369-F8E0-45B7-81D6-81C7BF10ED24}.Release|x64.Build.0 = Release|x64
		{209A7369-F8E0-45B7-81D6-81C7BF10ED24}.Release|x86.ActiveCfg = Release|Win32
		{209A7369-F8E0-45B7-81D6-81C7BF10ED24}.Release|x86.Build.0 = Release|Win32
		{9254AD6F-8538-496B-A027-56166CC36233}.Debug|x64.ActiveCfg = Debug|x64
		{9254AD6F-8538-496B-A027-56166CC36233}.Debug|x64.Build.0 = Debug|x64
		{9254AD6F-8538-496B-A027-56166CC36233}.Debug|x86.ActiveCfg = Debug|Win32
		{9254AD6F-8538-496B-A027-56166CC36233}.Debug|x86.Build.0 = Debug|Win32
		{9254AD6F-8538-496B-A027-56166CC36233}.Release|x64.ActiveCfg = Release|x64
		{9254AD6F-8538-496B-A027-56166CC36233}.Release|x64.Build.0 = Release|x64
		{9254AD6F-8538-496B-A027-56166CC36233}.Release|x86.ActiveCfg = Release|Win32
		{9254AD6F-8538-496B-A027-56166CC36233}.Release|x86.Build.0 = Release|Win32
		{6930F115-4DEE-4C34-9B4F-F9F4C256EC93}.Debug|x64.ActiveCfg = Debug|x64
		{6930F115-4DEE-4C34-9B4F-F9F4C256EC93}.Debug|x64.Build.0 = Debug|x64
		{6930F115-4DEE-4C34-9B4F-F9F4C256EC93}.Debug|x86.ActiveCfg = Debug|Win32
		{6930F115-4DEE-4C34-9B4F-F9F4C256EC93}.Debug|x86.Build.0 = Debug|Win32
		{6930F115-4DEE-4C34-9B4F-F9F4C256EC93}.Release|x64.ActiveCfg = Release|x64
		{6930F115-4DEE-4C34-9B4F-F9F4C256EC93}.Release|x64.Build.0 = Release|x64
		{6930F115-4DEE-4C34-9B4F-F9F4C256EC93}.Release|x86.ActiveCfg = Release|Win32
		{6930F115-4DEE-4C34-9B4F-F9F4C256EC93}.Release|x86.Build.0 = Release|Win32
		{47925D01-85FE-494B-8236-E466FCC15388}.Debug|x64.ActiveCfg = Debug|x64
		{47925D01-85FE-494B-8236-E466FCC15388}.Debug|x64.Build.0 = Debug|x64
		{47925D01-85FE-494B-8236-E466FCC15388}.Debug|x86.ActiveCfg = Debug|Win32
		{47925D01-85FE-494B-8236-E466FCC15388}.Debug|x86.Build.0 = Debug|Win32
		{47925D01-85FE-494B-8236-E466FCC15388}.Release|x64.ActiveCfg = Release|x64
		{47925D01-85FE-494B-8236-E466FCC15388}.Release|x64.Build.0 = Release|x64
		{47925D01-85FE-494B-8236-E466FCC15388}.Release|x86.ActiveCfg = Release|Win32
		{47925D01-85FE-494B-8236-E466FCC15388}.Release|x86.Build.0 = Release|Win32
		{0B6BB212-DDA1-4092-A96C-DAE79A511C24}.Debug|x64.ActiveCfg = Debug|x64
		{0B6BB212-DDA1-4092-A96C-DAE79A511C24}.Debug|x64.Build.0 = Debug|x64
		{0B6BB212-DDA1-4092-A96C-DAE79A511C24}.Debug|x86.ActiveCfg = Debug|Win32
		{0B6BB212-DDA1-4092-A96C-DAE79A511C24}.Debug|x86.Build.0 = Debug|Win32
		{0B6BB212-DDA1-4092-A96C-DAE79A511C24}.Release|x64.ActiveCfg = Release|x64
		{0B6BB212-DDA1-4092-A96C-DAE79A511C24}.Release|x64.Build.0 = Release|x64
		{0B6BB212-DDA1-4092-A96C-DAE79A511C24}.Release|x86.ActiveCfg = Release|Win32
		{0B6BB212-DDA1-4092-A96C-DAE79A511C24}.Release|x86.Build.0 = Release|Win32
		{5B7DF8B3-AE15-4255-A5FD-EF1348F86B55}.Debug|x64.ActiveCfg = Debug|x64
		{5B7DF8B3-AE15-4255-A5FD-EF1348F86B55}.Debug|x64.Build.0 = Debug|x64
		{5B7DF8B3-AE15-4255-A5FD-EF1348F86B55}.Debug|x86.ActiveCfg = Debug|Win32
		{5B7DF8B3-AE15-4255-A5FD-EF1348F86B55}.Debug|x86.Build.0 = Debug|Win32
		{5B7DF8B3-AE15-4255-A5FD-EF1348F86B55}.Release|x64.ActiveCfg = Release|x64
		{5B7DF8B3-AE15-4255-A5FD-EF1348F86B55}.Release|x64.Build.0 = Release|x64
		{5B7DF8B3-AE15-4255-A5FD-EF1348F86B55}.Release|x86.ActiveCfg = Release|Win32
		{5B7DF8B3-AE15-4255-A5FD-EF1348F86B55}.Release|x86.Build.0 = Release|Win32
		{C8807FB6-5FC9-4176-9C64-C7B53DD3D9E1}.Debug|x64.ActiveCfg = Debug|x64
		{C8807FB6-5FC9-4176-9C64-C7B53DD3D9E1}.Debug|x64.Build.0 = Debug|x64
		{C8807FB6-5FC9-4176-9C64-C7B53DD3D9E1}.Debug|x86.ActiveCfg = Debug|Win32
		{C8807FB6-5FC9-4176-9C64-C7B53DD3D9E1}.Debug|x86.Build.0 = Debug|Win32
		{C8807FB6-5FC9-4176-9C64-C7B53DD3D9E1}.Release|x64.ActiveCfg = Release|x64
		{C8807FB6-5FC9-4176-9C64-C7B53DD3D9E1}.Release|x64.Build.0 = Release|x64
		{C8807FB6-5FC9-4176-9C64-C7B53DD3D9E1}.Release|x86.ActiveCfg = Release|Win32
		{C8807FB6-5FC9-4176-9C64-C7B53DD3D9E1}.Release|x86.Build.0 = Release|Win32
		{7810C45B-5D5A-46BF-A990-E0192D6D1192}.Debug|x64.ActiveCfg = Debug|x64
		{7810C45B-5D5A-46BF-A990-E0192D6D1192}.Debug|x64.Build.0 = Debug|x64
		{7810C45B-5D5A-46BF-A990-E0192D6D1192}.Debug|x86.ActiveCfg = Debug|Win32
		{7810C45B-5D5A-46BF-A990-E0192D6D1192}.Debug|x86.Build.0 = Debug|Win32
		{7810C45B-5D5A-46BF-A990-E0192D6D1192}.Release|x64.ActiveCfg = Release|x64
		{7810C45B-5D5A-46BF-A990-E0192D6D1192}.Release|x64.Build.0 = Release|x64
		{7810C45B-5D5A-46BF-A990-E0192D6D1192}.Release|x86.ActiveCfg = Release|Win32
		{7810C45B-5D5A-46BF-A990-E0192D6D1192}.Release|x86.Build.0 = Release|Win32
		{6721481F-C059-45AC-B270-A946918B64BB}.Debug|x64.ActiveCfg = Debug|x64
		{6721481F-C059-45AC-B270-A946918B64BB}.Debug|x64.Build.0 = Debug|x64
		{6721481F-C059-45AC-B270-A946918B64BB}.Debug|x86.ActiveCfg = Debug|Win32
		{6721481F-C059-45AC-B270-A946918B64BB}.Debug|x86.Build.0 = Debug|Win32
		{6721481F-C059-45AC-B270-A946918B64BB}.Release|x64.ActiveCfg = Release|x64
		{6721481F-C059-45AC-B270-A946918B64BB}.Release|x64.Build.0 = Release|x64
		{6721481F-C059-45AC-B270-A946918B64BB}.Release|x86.ActiveCfg = Release|Win32
		{6721481F-C059-45AC-B270-A946918B64BB}.Release|x86.Build.0 = Release|Win32
	EndGlobalSection
	GlobalSection(SolutionProperties) = preSolution
		HideSolutionNode = FALSE
	EndGlobalSection
	GlobalSection(NestedProjects) = preSolution
		{28CF4E23-7E81-4906-8FCF-90E7273D1D7C} = {88850AB1-D31A-4869-912B-1C1C33391A5C}
		{01A34735-7AFB-4762-B9DB-F1403CE534A5} = {88850AB1-D31A-4869-912B-1C1C33391A5C}
		{A94E1CE6-CCB8-418C-AF77-158F11B2B637} = {88850AB1-D31A-4869-912B-1C1C33391A5C}
		{0470C33F-CD6E-46A6-AD46-2EF11FFEEDFF} = {88850AB1-D31A-4869-912B-1C1C33391A5C}
		{BD68DB0C-1D64-456E-A493-727BDB04FAE4} = {0446BDB6-C53A-4318-8F8D-B652EA7DEFD5}
		{21D93154-C0B8-4486-844B-27BFC3470775} = {0446BDB6-C53A-4318-8F8D-B652EA7DEFD5}
		{C3E0D40E-4933-4243-A6D7-1D9F7EDEB4D8} = {0446BDB6-C53A-4318-8F8D-B652EA7DEFD5}
		{D671260D-82BD-436B-9662-32F65140DAB3} = {88850AB1-D31A-4869-912B-1C1C33391A5C}
		{D404904B-2829-42EB-9573-925314593C98} = {0446BDB6-C53A-4318-8F8D-B652EA7DEFD5}
		{241B92D0-247C-4E76-801F-CCEC4D6463FE} = {449D38D9-3597-43F4-888E-BE3451BB4C12}
		{3A47F157-5598-4752-AAF0-E71C433B3CC3} = {0446BDB6-C53A-4318-8F8D-B652EA7DEFD5}
		{F0E9D3A1-AA66-4407-B859-C5C9DD0FA289} = {88850AB1-D31A-4869-912B-1C1C33391A5C}
		{5ADA1572-7E0C-47E5-B69A-78383E731FFC} = {0446BDB6-C53A-4318-8F8D-B652EA7DEFD5}
		{9254AD6F-8538-496B-A027-56166CC36233} = {A3D02BA7-2298-4B0C-B7E9-B5E560E03DA2}
		{0E49B20B-BED6-4C28-9C5E-750FED919A54} = {0446BDB6-C53A-4318-8F8D-B652EA7DEFD5}
		{6930F115-4DEE-4C34-9B4F-F9F4C256EC93} = {0E49B20B-BED6-4C28-9C5E-750FED919A54}
		{47925D01-85FE-494B-8236-E466FCC15388} = {0E49B20B-BED6-4C28-9C5E-750FED919A54}
		{0B6BB212-DDA1-4092-A96C-DAE79A511C24} = {15EE8905-7F1F-46C3-B411-506173FD3CA7}
		{5B7DF8B3-AE15-4255-A5FD-EF1348F86B55} = {15EE8905-7F1F-46C3-B411-506173FD3CA7}
		{C8807FB6-5FC9-4176-9C64-C7B53DD3D9E1} = {A3D02BA7-2298-4B0C-B7E9-B5E560E03DA2}
		{7810C45B-5D5A-46BF-A990-E0192D6D1192} = {A3D02BA7-2298-4B0C-B7E9-B5E560E03DA2}
	EndGlobalSection
	GlobalSection(ExtensibilityGlobals) = postSolution
		SolutionGuid = {1CF8CE62-7FDD-46C4-B2E4-3920D8A8A632}
	EndGlobalSection
EndGlobal
