
Microsoft Visual Studio Solution File, Format Version 12.00
# Visual Studio Version 17
VisualStudioVersion = 17.11.35312.102
MinimumVisualStudioVersion = 10.0.40219.1
Project("{8BC9CEB8-8B4A-11D0-8D11-00A0C91BC942}") = "001", "001\001.vcxproj", "{B7A65CF4-C38A-4CB0-A6A1-A95022A2F6B8}"
EndProject
Project("{8BC9CEB8-8B4A-11D0-8D11-00A0C91BC942}") = "002", "002\002.vcxproj", "{3A19A16F-CE4D-4395-A826-BC20CB7CE40F}"
EndProject
Project("{8BC9CEB8-8B4A-11D0-8D11-00A0C91BC942}") = "003", "003\003.vcxproj", "{58377C45-0D7B-4C09-8FD8-69D356DA7321}"
EndProject
Project("{8BC9CEB8-8B4A-11D0-8D11-00A0C91BC942}") = "test", "test\test.vcxproj", "{571E0CE0-989C-4869-9B99-F0C413932CE9}"
EndProject
Global
	GlobalSection(SolutionConfigurationPlatforms) = preSolution
		Debug|x64 = Debug|x64
		Debug|x86 = Debug|x86
		Release|x64 = Release|x64
		Release|x86 = Release|x86
	EndGlobalSection
	GlobalSection(ProjectConfigurationPlatforms) = postSolution
		{B7A65CF4-C38A-4CB0-A6A1-A95022A2F6B8}.Debug|x64.ActiveCfg = Debug|x64
		{B7A65CF4-C38A-4CB0-A6A1-A95022A2F6B8}.Debug|x64.Build.0 = Debug|x64
		{B7A65CF4-C38A-4CB0-A6A1-A95022A2F6B8}.Debug|x86.ActiveCfg = Debug|Win32
		{B7A65CF4-C38A-4CB0-A6A1-A95022A2F6B8}.Debug|x86.Build.0 = Debug|Win32
		{B7A65CF4-C38A-4CB0-A6A1-A95022A2F6B8}.Release|x64.ActiveCfg = Release|x64
		{B7A65CF4-C38A-4CB0-A6A1-A95022A2F6B8}.Release|x64.Build.0 = Release|x64
		{B7A65CF4-C38A-4CB0-A6A1-A95022A2F6B8}.Release|x86.ActiveCfg = Release|Win32
		{B7A65CF4-C38A-4CB0-A6A1-A95022A2F6B8}.Release|x86.Build.0 = Release|Win32
		{3A19A16F-CE4D-4395-A826-BC20CB7CE40F}.Debug|x64.ActiveCfg = Debug|x64
		{3A19A16F-CE4D-4395-A826-BC20CB7CE40F}.Debug|x64.Build.0 = Debug|x64
		{3A19A16F-CE4D-4395-A826-BC20CB7CE40F}.Debug|x86.ActiveCfg = Debug|Win32
		{3A19A16F-CE4D-4395-A826-BC20CB7CE40F}.Debug|x86.Build.0 = Debug|Win32
		{3A19A16F-CE4D-4395-A826-BC20CB7CE40F}.Release|x64.ActiveCfg = Release|x64
		{3A19A16F-CE4D-4395-A826-BC20CB7CE40F}.Release|x64.Build.0 = Release|x64
		{3A19A16F-CE4D-4395-A826-BC20CB7CE40F}.Release|x86.ActiveCfg = Release|Win32
		{3A19A16F-CE4D-4395-A826-BC20CB7CE40F}.Release|x86.Build.0 = Release|Win32
		{58377C45-0D7B-4C09-8FD8-69D356DA7321}.Debug|x64.ActiveCfg = Debug|x64
		{58377C45-0D7B-4C09-8FD8-69D356DA7321}.Debug|x64.Build.0 = Debug|x64
		{58377C45-0D7B-4C09-8FD8-69D356DA7321}.Debug|x86.ActiveCfg = Debug|Win32
		{58377C45-0D7B-4C09-8FD8-69D356DA7321}.Debug|x86.Build.0 = Debug|Win32
		{58377C45-0D7B-4C09-8FD8-69D356DA7321}.Release|x64.ActiveCfg = Release|x64
		{58377C45-0D7B-4C09-8FD8-69D356DA7321}.Release|x64.Build.0 = Release|x64
		{58377C45-0D7B-4C09-8FD8-69D356DA7321}.Release|x86.ActiveCfg = Release|Win32
		{58377C45-0D7B-4C09-8FD8-69D356DA7321}.Release|x86.Build.0 = Release|Win32
		{571E0CE0-989C-4869-9B99-F0C413932CE9}.Debug|x64.ActiveCfg = Debug|x64
		{571E0CE0-989C-4869-9B99-F0C413932CE9}.Debug|x64.Build.0 = Debug|x64
		{571E0CE0-989C-4869-9B99-F0C413932CE9}.Debug|x86.ActiveCfg = Debug|Win32
		{571E0CE0-989C-4869-9B99-F0C413932CE9}.Debug|x86.Build.0 = Debug|Win32
		{571E0CE0-989C-4869-9B99-F0C413932CE9}.Release|x64.ActiveCfg = Release|x64
		{571E0CE0-989C-4869-9B99-F0C413932CE9}.Release|x64.Build.0 = Release|x64
		{571E0CE0-989C-4869-9B99-F0C413932CE9}.Release|x86.ActiveCfg = Release|Win32
		{571E0CE0-989C-4869-9B99-F0C413932CE9}.Release|x86.Build.0 = Release|Win32
	EndGlobalSection
	GlobalSection(SolutionProperties) = preSolution
		HideSolutionNode = FALSE
	EndGlobalSection
	GlobalSection(ExtensibilityGlobals) = postSolution
		SolutionGuid = {1CF8CE62-7FDD-46C4-B2E4-3920D8A8A632}
	EndGlobalSection
EndGlobal
