<?xml version="1.0" encoding="utf-8"?>
<Project ToolsVersion="4.0" xmlns="http://schemas.microsoft.com/developer/msbuild/2003">
  <ItemGroup>
    <Filter Include="Core">
      <UniqueIdentifier>{b2cd875d-684d-4c50-afcd-2c025847b80d}</UniqueIdentifier>
    </Filter>
    <Filter Include="Global">
      <UniqueIdentifier>{7cffc9f2-0773-4ba8-912b-d7fc628d367b}</UniqueIdentifier>
    </Filter>
    <Filter Include="Object">
      <UniqueIdentifier>{7291c526-ae88-49b3-b2be-68549caa9d1a}</UniqueIdentifier>
    </Filter>
    <Filter Include="Platform">
      <UniqueIdentifier>{a639317a-87b0-4fa2-b465-e315efd088ec}</UniqueIdentifier>
    </Filter>
    <Filter Include="Resources">
      <UniqueIdentifier>{33959d0c-da50-4465-a84e-fe86bcdabf93}</UniqueIdentifier>
    </Filter>
    <Filter Include="Object\Component">
      <UniqueIdentifier>{b62addb0-d1b7-40e8-b23b-857a8067fda4}</UniqueIdentifier>
    </Filter>
  </ItemGroup>
  <ItemGroup>
    <ClCompile Include="ConsoleEngine.cpp">
      <Filter>Core</Filter>
    </ClCompile>
    <ClCompile Include="Enums.cpp">
      <Filter>Global</Filter>
    </ClCompile>
    <ClCompile Include="Actor.cpp">
      <Filter>Object</Filter>
    </ClCompile>
    <ClCompile Include="ConsoleWindow.cpp">
      <Filter>Platform</Filter>
    </ClCompile>
    <ClCompile Include="ConsoleImage.cpp">
      <Filter>Resources</Filter>
    </ClCompile>
    <ClCompile Include="Renderer.cpp">
      <Filter>Object\Component</Filter>
    </ClCompile>
  </ItemGroup>
  <ItemGroup>
    <ClInclude Include="ConsoleEngine.h">
      <Filter>Core</Filter>
    </ClInclude>
    <ClInclude Include="Enums.h">
      <Filter>Global</Filter>
    </ClInclude>
    <ClInclude Include="Actor.h">
      <Filter>Object</Filter>
    </ClInclude>
    <ClInclude Include="ConsoleWindow.h">
      <Filter>Platform</Filter>
    </ClInclude>
    <ClInclude Include="ConsoleImage.h">
      <Filter>Resources</Filter>
    </ClInclude>
    <ClInclude Include="Renderer.h">
      <Filter>Object\Component</Filter>
    </ClInclude>
  </ItemGroup>
</Project>