<?xml version="1.0" encoding="utf-8"?>
<Project ToolsVersion="4.0" xmlns="http://schemas.microsoft.com/developer/msbuild/2003">
  <ItemGroup>
    <ClCompile Include="Status.cpp">
      <Filter>2_Contents\0_ContentsBase</Filter>
    </ClCompile>
    <ClCompile Include="Object.cpp">
      <Filter>1_Engine</Filter>
    </ClCompile>
    <ClCompile Include="Player.cpp">
      <Filter>2_Contents\1_Actor</Filter>
    </ClCompile>
    <ClCompile Include="PlyerAndMonster.cpp" />
    <ClCompile Include="World.cpp">
      <Filter>2_Contents\2_Zone</Filter>
    </ClCompile>
  </ItemGroup>
  <ItemGroup>
    <Filter Include="0_Base">
      <UniqueIdentifier>{fca8c761-4bad-402d-8dfb-1a7272bff5f8}</UniqueIdentifier>
    </Filter>
    <Filter Include="1_Engine">
      <UniqueIdentifier>{0c367369-6602-4131-9bbb-51e03410242b}</UniqueIdentifier>
    </Filter>
    <Filter Include="2_Contents">
      <UniqueIdentifier>{386b4264-ab60-462b-8efe-c15f5f9fad73}</UniqueIdentifier>
    </Filter>
    <Filter Include="2_Contents\0_ContentsBase">
      <UniqueIdentifier>{81fc04b7-4b89-4f00-9c6a-bbd2ad3d2bf0}</UniqueIdentifier>
    </Filter>
    <Filter Include="2_Contents\1_Actor">
      <UniqueIdentifier>{f4e02a5d-f48e-4685-8053-aa4cf7310248}</UniqueIdentifier>
    </Filter>
    <Filter Include="2_Contents\2_Zone">
      <UniqueIdentifier>{ab1cc7c2-0f8e-493b-b4be-8dc790640b7b}</UniqueIdentifier>
    </Filter>
  </ItemGroup>
  <ItemGroup>
    <ClInclude Include="Status.h">
      <Filter>2_Contents\0_ContentsBase</Filter>
    </ClInclude>
    <ClInclude Include="Player.h">
      <Filter>2_Contents\1_Actor</Filter>
    </ClInclude>
    <ClInclude Include="Object.h">
      <Filter>1_Engine</Filter>
    </ClInclude>
    <ClInclude Include="World.h">
      <Filter>2_Contents\2_Zone</Filter>
    </ClInclude>
  </ItemGroup>
</Project>