<?xml version="1.0" encoding="utf-8"?>
<Project ToolsVersion="4.0" xmlns="http://schemas.microsoft.com/developer/msbuild/2003">
  <ItemGroup>
    <Filter Include="Debug">
      <UniqueIdentifier>{b08d640e-b3dc-49c6-b8a0-a92bc0981213}</UniqueIdentifier>
    </Filter>
    <Filter Include="IO">
      <UniqueIdentifier>{1c321991-7026-46bf-a57a-f8e2f34dc8fa}</UniqueIdentifier>
    </Filter>
  </ItemGroup>
  <ItemGroup>
    <ClCompile Include="EngineDebug.cpp">
      <Filter>Debug</Filter>
    </ClCompile>
    <ClCompile Include="EngineFile.cpp">
      <Filter>IO</Filter>
    </ClCompile>
  </ItemGroup>
  <ItemGroup>
    <ClInclude Include="EngineDebug.h">
      <Filter>Debug</Filter>
    </ClInclude>
    <ClInclude Include="EngineFile.h">
      <Filter>IO</Filter>
    </ClInclude>
  </ItemGroup>
</Project>